Microsoft Visual Studio Solution File, Format Version 12.00
# Visual Studio Version 18
VisualStudioVersion = 18.1.11312.151 d18.0
MinimumVisualStudioVersion = 10.0.40219.1
Project("{FAE04EC0-301F-11D3-BF4B-00C04F79EFBC}") = "Rpc.AIS.Accrual.Orchestrator.Core", "src\Rpc.AIS.Accrual.Orchestrator.Core\Rpc.AIS.Accrual.Orchestrator.Core.csproj", "{46C77EA5-63CC-460A-B075-5AA31C05D214}"
EndProject
Project("{FAE04EC0-301F-11D3-BF4B-00C04F79EFBC}") = "Rpc.AIS.Accrual.Orchestrator.Domain", "src\Rpc.AIS.Accrual.Orchestrator.Domain\Rpc.AIS.Accrual.Orchestrator.Domain.csproj", "{CA128E22-0DFD-4B3F-A505-8915E3408D4F}"
EndProject
Project("{FAE04EC0-301F-11D3-BF4B-00C04F79EFBC}") = "Rpc.AIS.Accrual.Orchestrator.Application", "src\Rpc.AIS.Accrual.Orchestrator.Application\Rpc.AIS.Accrual.Orchestrator.Application.csproj", "{FD0ADA9D-685F-4286-A5C8-204A50290789}"
EndProject
Project("{FAE04EC0-301F-11D3-BF4B-00C04F79EFBC}") = "Rpc.AIS.Accrual.Orchestrator.Functions", "src\Rpc.AIS.Accrual.Orchestrator.Functions\Rpc.AIS.Accrual.Orchestrator.Functions.csproj", "{CC7EBCE4-23DF-4EF1-87DA-AB3B7DCE788D}"
EndProject
Project("{FAE04EC0-301F-11D3-BF4B-00C04F79EFBC}") = "Rpc.AIS.Accrual.Orchestrator.Infrastructure", "src\Rpc.AIS.Accrual.Orchestrator.Infrastructure\Rpc.AIS.Accrual.Orchestrator.Infrastructure.csproj", "{A12B27BE-FE08-42CD-9B9A-5D5125B19464}"
EndProject
Project("{FAE04EC0-301F-11D3-BF4B-00C04F79EFBC}") = "Rpc.AIS.Accrual.Orchestrator.Tests", "tests\Rpc.AIS.Accrual.Orchestrator.Tests\Rpc.AIS.Accrual.Orchestrator.Tests.csproj", "{C79873A4-CF1A-4BF3-BF9E-CB9CD76F8963}"
EndProject
Global
	GlobalSection(SolutionConfigurationPlatforms) = preSolution
		Debug|Any CPU = Debug|Any CPU
		Release|Any CPU = Release|Any CPU
	EndGlobalSection
	GlobalSection(ProjectConfigurationPlatforms) = postSolution
		{CA128E22-0DFD-4B3F-A505-8915E3408D4F}.Debug|Any CPU.ActiveCfg = Debug|Any CPU
		{CA128E22-0DFD-4B3F-A505-8915E3408D4F}.Debug|Any CPU.Build.0 = Debug|Any CPU
		{CA128E22-0DFD-4B3F-A505-8915E3408D4F}.Release|Any CPU.ActiveCfg = Release|Any CPU
		{CA128E22-0DFD-4B3F-A505-8915E3408D4F}.Release|Any CPU.Build.0 = Release|Any CPU
		{FD0ADA9D-685F-4286-A5C8-204A50290789}.Debug|Any CPU.ActiveCfg = Debug|Any CPU
		{FD0ADA9D-685F-4286-A5C8-204A50290789}.Debug|Any CPU.Build.0 = Debug|Any CPU
		{FD0ADA9D-685F-4286-A5C8-204A50290789}.Release|Any CPU.ActiveCfg = Release|Any CPU
		{FD0ADA9D-685F-4286-A5C8-204A50290789}.Release|Any CPU.Build.0 = Release|Any CPU
		{46C77EA5-63CC-460A-B075-5AA31C05D214}.Debug|Any CPU.ActiveCfg = Debug|Any CPU
		{46C77EA5-63CC-460A-B075-5AA31C05D214}.Debug|Any CPU.Build.0 = Debug|Any CPU
		{46C77EA5-63CC-460A-B075-5AA31C05D214}.Release|Any CPU.ActiveCfg = Release|Any CPU
		{46C77EA5-63CC-460A-B075-5AA31C05D214}.Release|Any CPU.Build.0 = Release|Any CPU
		{CC7EBCE4-23DF-4EF1-87DA-AB3B7DCE788D}.Debug|Any CPU.ActiveCfg = Debug|Any CPU
		{CC7EBCE4-23DF-4EF1-87DA-AB3B7DCE788D}.Debug|Any CPU.Build.0 = Debug|Any CPU
		{CC7EBCE4-23DF-4EF1-87DA-AB3B7DCE788D}.Release|Any CPU.ActiveCfg = Release|Any CPU
		{CC7EBCE4-23DF-4EF1-87DA-AB3B7DCE788D}.Release|Any CPU.Build.0 = Release|Any CPU
		{A12B27BE-FE08-42CD-9B9A-5D5125B19464}.Debug|Any CPU.ActiveCfg = Debug|Any CPU
		{A12B27BE-FE08-42CD-9B9A-5D5125B19464}.Debug|Any CPU.Build.0 = Debug|Any CPU
		{A12B27BE-FE08-42CD-9B9A-5D5125B19464}.Release|Any CPU.ActiveCfg = Release|Any CPU
		{A12B27BE-FE08-42CD-9B9A-5D5125B19464}.Release|Any CPU.Build.0 = Release|Any CPU
		{C79873A4-CF1A-4BF3-BF9E-CB9CD76F8963}.Debug|Any CPU.ActiveCfg = Debug|Any CPU
		{C79873A4-CF1A-4BF3-BF9E-CB9CD76F8963}.Debug|Any CPU.Build.0 = Debug|Any CPU
		{C79873A4-CF1A-4BF3-BF9E-CB9CD76F8963}.Release|Any CPU.ActiveCfg = Release|Any CPU
		{C79873A4-CF1A-4BF3-BF9E-CB9CD76F8963}.Release|Any CPU.Build.0 = Release|Any CPU
	EndGlobalSection
	GlobalSection(SolutionProperties) = preSolution
		HideSolutionNode = FALSE
	EndGlobalSection
EndGlobal
